
Microsoft Visual Studio Solution File, Format Version 12.00
# Visual Studio 15
VisualStudioVersion = 15.0.28010.2016
MinimumVisualStudioVersion = 10.0.40219.1
Project("{FAE04EC0-301F-11D3-BF4B-00C04F79EFBC}") = "Karatavas", "Karatavas\Karatavas.csproj", "{FA149F8D-7B93-485D-A3D1-6179CC2243F4}"
EndProject
Global
	GlobalSection(SolutionConfigurationPlatforms) = preSolution
		Debug|Any CPU = Debug|Any CPU
		Release|Any CPU = Release|Any CPU
	EndGlobalSection
	GlobalSection(ProjectConfigurationPlatforms) = postSolution
		{FA149F8D-7B93-485D-A3D1-6179CC2243F4}.Debug|Any CPU.ActiveCfg = Debug|Any CPU
		{FA149F8D-7B93-485D-A3D1-6179CC2243F4}.Debug|Any CPU.Build.0 = Debug|Any CPU
		{FA149F8D-7B93-485D-A3D1-6179CC2243F4}.Release|Any CPU.ActiveCfg = Release|Any CPU
		{FA149F8D-7B93-485D-A3D1-6179CC2243F4}.Release|Any CPU.Build.0 = Release|Any CPU
	EndGlobalSection
	GlobalSection(SolutionProperties) = preSolution
		HideSolutionNode = FALSE
	EndGlobalSection
	GlobalSection(ExtensibilityGlobals) = postSolution
		SolutionGuid = {AE586EC4-66F6-48F1-8484-2277345C442A}
	EndGlobalSection
EndGlobal
