
Microsoft Visual Studio Solution File, Format Version 12.00
# Visual Studio 15
VisualStudioVersion = 15.0.28010.2016
MinimumVisualStudioVersion = 10.0.40219.1
Project("{FAE04EC0-301F-11D3-BF4B-00C04F79EFBC}") = "Day3", "Day3\Day3.csproj", "{9B25FF54-EE97-4804-BBC3-8E82A7F46F40}"
EndProject
Global
	GlobalSection(SolutionConfigurationPlatforms) = preSolution
		Debug|Any CPU = Debug|Any CPU
		Release|Any CPU = Release|Any CPU
	EndGlobalSection
	GlobalSection(ProjectConfigurationPlatforms) = postSolution
		{9B25FF54-EE97-4804-BBC3-8E82A7F46F40}.Debug|Any CPU.ActiveCfg = Debug|Any CPU
		{9B25FF54-EE97-4804-BBC3-8E82A7F46F40}.Debug|Any CPU.Build.0 = Debug|Any CPU
		{9B25FF54-EE97-4804-BBC3-8E82A7F46F40}.Release|Any CPU.ActiveCfg = Release|Any CPU
		{9B25FF54-EE97-4804-BBC3-8E82A7F46F40}.Release|Any CPU.Build.0 = Release|Any CPU
	EndGlobalSection
	GlobalSection(SolutionProperties) = preSolution
		HideSolutionNode = FALSE
	EndGlobalSection
	GlobalSection(ExtensibilityGlobals) = postSolution
		SolutionGuid = {7057B391-40A4-46B0-948F-A5DE6CB6B07E}
	EndGlobalSection
EndGlobal
