
Microsoft Visual Studio Solution File, Format Version 12.00
# Visual Studio 15
VisualStudioVersion = 15.0.28010.2016
MinimumVisualStudioVersion = 10.0.40219.1
Project("{FAE04EC0-301F-11D3-BF4B-00C04F79EFBC}") = "Day 7", "Day 7\Day 7.csproj", "{D6EBE3EB-39A1-46E1-A793-FFBAC3A8EE53}"
EndProject
Global
	GlobalSection(SolutionConfigurationPlatforms) = preSolution
		Debug|Any CPU = Debug|Any CPU
		Release|Any CPU = Release|Any CPU
	EndGlobalSection
	GlobalSection(ProjectConfigurationPlatforms) = postSolution
		{D6EBE3EB-39A1-46E1-A793-FFBAC3A8EE53}.Debug|Any CPU.ActiveCfg = Debug|Any CPU
		{D6EBE3EB-39A1-46E1-A793-FFBAC3A8EE53}.Debug|Any CPU.Build.0 = Debug|Any CPU
		{D6EBE3EB-39A1-46E1-A793-FFBAC3A8EE53}.Release|Any CPU.ActiveCfg = Release|Any CPU
		{D6EBE3EB-39A1-46E1-A793-FFBAC3A8EE53}.Release|Any CPU.Build.0 = Release|Any CPU
	EndGlobalSection
	GlobalSection(SolutionProperties) = preSolution
		HideSolutionNode = FALSE
	EndGlobalSection
	GlobalSection(ExtensibilityGlobals) = postSolution
		SolutionGuid = {6C490C23-4F65-42F5-8871-CBB96970F82E}
	EndGlobalSection
EndGlobal
